
Microsoft Visual Studio Solution File, Format Version 12.00
# Visual Studio Version 17
VisualStudioVersion = 17.11.35327.3
MinimumVisualStudioVersion = 10.0.40219.1
Project("{FAE04EC0-301F-11D3-BF4B-00C04F79EFBC}") = "оценки", "оценки\оценки.csproj", "{D8926C9D-AF1A-429B-90B5-A2884426D588}"
EndProject
Global
	GlobalSection(SolutionConfigurationPlatforms) = preSolution
		Debug|Any CPU = Debug|Any CPU
		Release|Any CPU = Release|Any CPU
	EndGlobalSection
	GlobalSection(ProjectConfigurationPlatforms) = postSolution
		{D8926C9D-AF1A-429B-90B5-A2884426D588}.Debug|Any CPU.ActiveCfg = Debug|Any CPU
		{D8926C9D-AF1A-429B-90B5-A2884426D588}.Debug|Any CPU.Build.0 = Debug|Any CPU
		{D8926C9D-AF1A-429B-90B5-A2884426D588}.Release|Any CPU.ActiveCfg = Release|Any CPU
		{D8926C9D-AF1A-429B-90B5-A2884426D588}.Release|Any CPU.Build.0 = Release|Any CPU
	EndGlobalSection
	GlobalSection(SolutionProperties) = preSolution
		HideSolutionNode = FALSE
	EndGlobalSection
	GlobalSection(ExtensibilityGlobals) = postSolution
		SolutionGuid = {AF3BCEF0-9FBF-4FC0-94C7-EA754F9B07DB}
	EndGlobalSection
EndGlobal
